
Microsoft Visual Studio Solution File, Format Version 11.00
# Visual Studio 2010
Project("{FAE04EC0-301F-11D3-BF4B-00C04F79EFBC}") = "AdoDemo", "AdoDemo\AdoDemo.csproj", "{BACABFEF-AD93-45BD-B313-2CF9D23C1773}"
EndProject
Global
	GlobalSection(SolutionConfigurationPlatforms) = preSolution
		Debug|Any CPU = Debug|Any CPU
		Release|Any CPU = Release|Any CPU
	EndGlobalSection
	GlobalSection(ProjectConfigurationPlatforms) = postSolution
		{BACABFEF-AD93-45BD-B313-2CF9D23C1773}.Debug|Any CPU.ActiveCfg = Debug|Any CPU
		{BACABFEF-AD93-45BD-B313-2CF9D23C1773}.Debug|Any CPU.Build.0 = Debug|Any CPU
		{BACABFEF-AD93-45BD-B313-2CF9D23C1773}.Release|Any CPU.ActiveCfg = Release|Any CPU
		{BACABFEF-AD93-45BD-B313-2CF9D23C1773}.Release|Any CPU.Build.0 = Release|Any CPU
	EndGlobalSection
	GlobalSection(SolutionProperties) = preSolution
		HideSolutionNode = FALSE
	EndGlobalSection
EndGlobal
